
Microsoft Visual Studio Solution File, Format Version 12.00
# Visual Studio 15
VisualStudioVersion = 15.0.28307.852
MinimumVisualStudioVersion = 10.0.40219.1
Project("{FAE04EC0-301F-11D3-BF4B-00C04F79EFBC}") = "outlook_cli", "outlook_cli.csproj", "{13BC8758-8576-4E07-B526-D1A876632775}"
EndProject
Global
	GlobalSection(SolutionConfigurationPlatforms) = preSolution
		Debug|Any CPU = Debug|Any CPU
		Release|Any CPU = Release|Any CPU
	EndGlobalSection
	GlobalSection(ProjectConfigurationPlatforms) = postSolution
		{13BC8758-8576-4E07-B526-D1A876632775}.Debug|Any CPU.ActiveCfg = Debug|Any CPU
		{13BC8758-8576-4E07-B526-D1A876632775}.Debug|Any CPU.Build.0 = Debug|Any CPU
		{13BC8758-8576-4E07-B526-D1A876632775}.Release|Any CPU.ActiveCfg = Release|Any CPU
		{13BC8758-8576-4E07-B526-D1A876632775}.Release|Any CPU.Build.0 = Release|Any CPU
	EndGlobalSection
	GlobalSection(SolutionProperties) = preSolution
		HideSolutionNode = FALSE
	EndGlobalSection
	GlobalSection(ExtensibilityGlobals) = postSolution
		SolutionGuid = {68F49D9E-A65C-4D0D-B021-13DFA147B19E}
	EndGlobalSection
EndGlobal
